// !$*UTF8*$!
{
	archiveVersion = 1;
	classes = {
	};
	objectVersion = 77;
	objects = {

/* Begin PBXContainerItemProxy section */
		4D6A0F262DBC0B160028BA00 /* PBXContainerItemProxy */ = {
			isa = PBXContainerItemProxy;
			containerPortal = 4D6A0F0D2DBC0B140028BA00 /* Project object */;
			proxyType = 1;
			remoteGlobalIDString = 4D6A0F142DBC0B140028BA00;
			remoteInfo = snackapp;
		};
		4D6A0F302DBC0B160028BA00 /* PBXContainerItemProxy */ = {
			isa = PBXContainerItemProxy;
			containerPortal = 4D6A0F0D2DBC0B140028BA00 /* Project object */;
			proxyType = 1;
			remoteGlobalIDString = 4D6A0F142DBC0B140028BA00;
			remoteInfo = snackapp;
		};
/* End PBXContainerItemProxy section */

/* Begin PBXFileReference section */
		4D6A0F152DBC0B140028BA00 /* snackapp.app */ = {isa = PBXFileReference; explicitFileType = wrapper.application; includeInIndex = 0; path = snackapp.app; sourceTree = BUILT_PRODUCTS_DIR; };
		4D6A0F252DBC0B160028BA00 /* snackappTests.xctest */ = {isa = PBXFileReference; explicitFileType = wrapper.cfbundle; includeInIndex = 0; path = snackappTests.xctest; sourceTree = BUILT_PRODUCTS_DIR; };
		4D6A0F2F2DBC0B160028BA00 /* snackappUITests.xctest */ = {isa = PBXFileReference; explicitFileType = wrapper.cfbundle; includeInIndex = 0; path = snackappUITests.xctest; sourceTree = BUILT_PRODUCTS_DIR; };
/* End PBXFileReference section */

/* Begin PBXFileSystemSynchronizedRootGroup section */
		4D6A0F172DBC0B140028BA00 /* snackapp */ = {
			isa = PBXFileSystemSynchronizedRootGroup;
			path = snackapp;
			sourceTree = "<group>";
		};
		4D6A0F282DBC0B160028BA00 /* snackappTests */ = {
			isa = PBXFileSystemSynchronizedRootGroup;
			path = snackappTests;
			sourceTree = "<group>";
		};
		4D6A0F322DBC0B160028BA00 /* snackappUITests */ = {
			isa = PBXFileSystemSynchronizedRootGroup;
			path = snackappUITests;
			sourceTree = "<group>";
		};
/* End PBXFileSystemSynchronizedRootGroup section */

/* Begin PBXFrameworksBuildPhase section */
		4D6A0F122DBC0B140028BA00 /* Frameworks */ = {
			isa = PBXFrameworksBuildPhase;
			buildActionMask = 2147483647;
			files = (
			);
			runOnlyForDeploymentPostprocessing = 0;
		};
		4D6A0F222DBC0B160028BA00 /* Frameworks */ = {
			isa = PBXFrameworksBuildPhase;
			buildActionMask = 2147483647;
			files = (
			);
			runOnlyForDeploymentPostprocessing = 0;
		};
		4D6A0F2C2DBC0B160028BA00 /* Frameworks */ = {
			isa = PBXFrameworksBuildPhase;
			buildActionMask = 2147483647;
			files = (
			);
			runOnlyForDeploymentPostprocessing = 0;
		};
/* End PBXFrameworksBuildPhase section */

/* Begin PBXGroup section */
		4D6A0F0C2DBC0B140028BA00 = {
			isa = PBXGroup;
			children = (
				4D6A0F172DBC0B140028BA00 /* snackapp */,
				4D6A0F282DBC0B160028BA00 /* snackappTests */,
				4D6A0F322DBC0B160028BA00 /* snackappUITests */,
				4D6A0F162DBC0B140028BA00 /* Products */,
			);
			sourceTree = "<group>";
		};
		4D6A0F162DBC0B140028BA00 /* Products */ = {
			isa = PBXGroup;
			children = (
				4D6A0F152DBC0B140028BA00 /* snackapp.app */,
				4D6A0F252DBC0B160028BA00 /* snackappTests.xctest */,
				4D6A0F2F2DBC0B160028BA00 /* snackappUITests.xctest */,
			);
			name = Products;
			sourceTree = "<group>";
		};
/* End PBXGroup section */

/* Begin PBXNativeTarget section */
		4D6A0F142DBC0B140028BA00 /* snackapp */ = {
			isa = PBXNativeTarget;
			buildConfigurationList = 4D6A0F392DBC0B160028BA00 /* Build configuration list for PBXNativeTarget "snackapp" */;
			buildPhases = (
				4D6A0F112DBC0B140028BA00 /* Sources */,
				4D6A0F122DBC0B140028BA00 /* Frameworks */,
				4D6A0F132DBC0B140028BA00 /* Resources */,
			);
			buildRules = (
			);
			dependencies = (
			);
			fileSystemSynchronizedGroups = (
				4D6A0F172DBC0B140028BA00 /* snackapp */,
			);
			name = snackapp;
			packageProductDependencies = (
			);
			productName = snackapp;
			productReference = 4D6A0F152DBC0B140028BA00 /* snackapp.app */;
			productType = "com.apple.product-type.application";
		};
		4D6A0F242DBC0B160028BA00 /* snackappTests */ = {
			isa = PBXNativeTarget;
			buildConfigurationList = 4D6A0F3C2DBC0B160028BA00 /* Build configuration list for PBXNativeTarget "snackappTests" */;
			buildPhases = (
				4D6A0F212DBC0B160028BA00 /* Sources */,
				4D6A0F222DBC0B160028BA00 /* Frameworks */,
				4D6A0F232DBC0B160028BA00 /* Resources */,
			);
			buildRules = (
			);
			dependencies = (
				4D6A0F272DBC0B160028BA00 /* PBXTargetDependency */,
			);
			fileSystemSynchronizedGroups = (
				4D6A0F282DBC0B160028BA00 /* snackappTests */,
			);
			name = snackappTests;
			packageProductDependencies = (
			);
			productName = snackappTests;
			productReference = 4D6A0F252DBC0B160028BA00 /* snackappTests.xctest */;
			productType = "com.apple.product-type.bundle.unit-test";
		};
		4D6A0F2E2DBC0B160028BA00 /* snackappUITests */ = {
			isa = PBXNativeTarget;
			buildConfigurationList = 4D6A0F3F2DBC0B160028BA00 /* Build configuration list for PBXNativeTarget "snackappUITests" */;
			buildPhases = (
				4D6A0F2B2DBC0B160028BA00 /* Sources */,
				4D6A0F2C2DBC0B160028BA00 /* Frameworks */,
				4D6A0F2D2DBC0B160028BA00 /* Resources */,
			);
			buildRules = (
			);
			dependencies = (
				4D6A0F312DBC0B160028BA00 /* PBXTargetDependency */,
			);
			fileSystemSynchronizedGroups = (
				4D6A0F322DBC0B160028BA00 /* snackappUITests */,
			);
			name = snackappUITests;
			packageProductDependencies = (
			);
			productName = snackappUITests;
			productReference = 4D6A0F2F2DBC0B160028BA00 /* snackappUITests.xctest */;
			productType = "com.apple.product-type.bundle.ui-testing";
		};
/* End PBXNativeTarget section */

/* Begin PBXProject section */
		4D6A0F0D2DBC0B140028BA00 /* Project object */ = {
			isa = PBXProject;
			attributes = {
				BuildIndependentTargetsInParallel = 1;
				LastSwiftUpdateCheck = 1620;
				LastUpgradeCheck = 1620;
				TargetAttributes = {
					4D6A0F142DBC0B140028BA00 = {
						CreatedOnToolsVersion = 16.2;
					};
					4D6A0F242DBC0B160028BA00 = {
						CreatedOnToolsVersion = 16.2;
						TestTargetID = 4D6A0F142DBC0B140028BA00;
					};
					4D6A0F2E2DBC0B160028BA00 = {
						CreatedOnToolsVersion = 16.2;
						TestTargetID = 4D6A0F142DBC0B140028BA00;
					};
				};
			};
			buildConfigurationList = 4D6A0F102DBC0B140028BA00 /* Build configuration list for PBXProject "snackapp" */;
			developmentRegion = en;
			hasScannedForEncodings = 0;
			knownRegions = (
				en,
				Base,
			);
			mainGroup = 4D6A0F0C2DBC0B140028BA00;
			minimizedProjectReferenceProxies = 1;
			preferredProjectObjectVersion = 77;
			productRefGroup = 4D6A0F162DBC0B140028BA00 /* Products */;
			projectDirPath = "";
			projectRoot = "";
			targets = (
				4D6A0F142DBC0B140028BA00 /* snackapp */,
				4D6A0F242DBC0B160028BA00 /* snackappTests */,
				4D6A0F2E2DBC0B160028BA00 /* snackappUITests */,
			);
		};
/* End PBXProject section */

/* Begin PBXResourcesBuildPhase section */
		4D6A0F132DBC0B140028BA00 /* Resources */ = {
			isa = PBXResourcesBuildPhase;
			buildActionMask = 2147483647;
			files = (
			);
			runOnlyForDeploymentPostprocessing = 0;
		};
		4D6A0F232DBC0B160028BA00 /* Resources */ = {
			isa = PBXResourcesBuildPhase;
			buildActionMask = 2147483647;
			files = (
			);
			runOnlyForDeploymentPostprocessing = 0;
		};
		4D6A0F2D2DBC0B160028BA00 /* Resources */ = {
			isa = PBXResourcesBuildPhase;
			buildActionMask = 2147483647;
			files = (
			);
			runOnlyForDeploymentPostprocessing = 0;
		};
/* End PBXResourcesBuildPhase section */

/* Begin PBXSourcesBuildPhase section */
		4D6A0F112DBC0B140028BA00 /* Sources */ = {
			isa = PBXSourcesBuildPhase;
			buildActionMask = 2147483647;
			files = (
			);
			runOnlyForDeploymentPostprocessing = 0;
		};
		4D6A0F212DBC0B160028BA00 /* Sources */ = {
			isa = PBXSourcesBuildPhase;
			buildActionMask = 2147483647;
			files = (
			);
			runOnlyForDeploymentPostprocessing = 0;
		};
		4D6A0F2B2DBC0B160028BA00 /* Sources */ = {
			isa = PBXSourcesBuildPhase;
			buildActionMask = 2147483647;
			files = (
			);
			runOnlyForDeploymentPostprocessing = 0;
		};
/* End PBXSourcesBuildPhase section */

/* Begin PBXTargetDependency section */
		4D6A0F272DBC0B160028BA00 /* PBXTargetDependency */ = {
			isa = PBXTargetDependency;
			target = 4D6A0F142DBC0B140028BA00 /* snackapp */;
			targetProxy = 4D6A0F262DBC0B160028BA00 /* PBXContainerItemProxy */;
		};
		4D6A0F312DBC0B160028BA00 /* PBXTargetDependency */ = {
			isa = PBXTargetDependency;
			target = 4D6A0F142DBC0B140028BA00 /* snackapp */;
			targetProxy = 4D6A0F302DBC0B160028BA00 /* PBXContainerItemProxy */;
		};
/* End PBXTargetDependency section */

/* Begin XCBuildConfiguration section */
		4D6A0F372DBC0B160028BA00 /* Debug */ = {
			isa = XCBuildConfiguration;
			buildSettings = {
				ALWAYS_SEARCH_USER_PATHS = NO;
				ASSETCATALOG_COMPILER_GENERATE_SWIFT_ASSET_SYMBOL_EXTENSIONS = YES;
				CLANG_ANALYZER_NONNULL = YES;
				CLANG_ANALYZER_NUMBER_OBJECT_CONVERSION = YES_AGGRESSIVE;
				CLANG_CXX_LANGUAGE_STANDARD = "gnu++20";
				CLANG_ENABLE_MODULES = YES;
				CLANG_ENABLE_OBJC_ARC = YES;
				CLANG_ENABLE_OBJC_WEAK = YES;
				CLANG_WARN_BLOCK_CAPTURE_AUTORELEASING = YES;
				CLANG_WARN_BOOL_CONVERSION = YES;
				CLANG_WARN_COMMA = YES;
				CLANG_WARN_CONSTANT_CONVERSION = YES;
				CLANG_WARN_DEPRECATED_OBJC_IMPLEMENTATIONS = YES;
				CLANG_WARN_DIRECT_OBJC_ISA_USAGE = YES_ERROR;
				CLANG_WARN_DOCUMENTATION_COMMENTS = YES;
				CLANG_WARN_EMPTY_BODY = YES;
				CLANG_WARN_ENUM_CONVERSION = YES;
				CLANG_WARN_INFINITE_RECURSION = YES;
				CLANG_WARN_INT_CONVERSION = YES;
				CLANG_WARN_NON_LITERAL_NULL_CONVERSION = YES;
				CLANG_WARN_OBJC_IMPLICIT_RETAIN_SELF = YES;
				CLANG_WARN_OBJC_LITERAL_CONVERSION = YES;
				CLANG_WARN_OBJC_ROOT_CLASS = YES_ERROR;
				CLANG_WARN_QUOTED_INCLUDE_IN_FRAMEWORK_HEADER = YES;
				CLANG_WARN_RANGE_LOOP_ANALYSIS = YES;
				CLANG_WARN_STRICT_PROTOTYPES = YES;
				CLANG_WARN_SUSPICIOUS_MOVE = YES;
				CLANG_WARN_UNGUARDED_AVAILABILITY = YES_AGGRESSIVE;
				CLANG_WARN_UNREACHABLE_CODE = YES;
				CLANG_WARN__DUPLICATE_METHOD_MATCH = YES;
				COPY_PHASE_STRIP = NO;
				DEBUG_INFORMATION_FORMAT = dwarf;
				ENABLE_STRICT_OBJC_MSGSEND = YES;
				ENABLE_TESTABILITY = YES;
				ENABLE_USER_SCRIPT_SANDBOXING = YES;
				GCC_C_LANGUAGE_STANDARD = gnu17;
				GCC_DYNAMIC_NO_PIC = NO;
				GCC_NO_COMMON_BLOCKS = YES;
				GCC_OPTIMIZATION_LEVEL = 0;
				GCC_PREPROCESSOR_DEFINITIONS = (
					"DEBUG=1",
					"$(inherited)",
				);
				GCC_WARN_64_TO_32_BIT_CONVERSION = YES;
				GCC_WARN_ABOUT_RETURN_TYPE = YES_ERROR;
				GCC_WARN_UNDECLARED_SELECTOR = YES;
				GCC_WARN_UNINITIALIZED_AUTOS = YES_AGGRESSIVE;
				GCC_WARN_UNUSED_FUNCTION = YES;
				GCC_WARN_UNUSED_VARIABLE = YES;
				IPHONEOS_DEPLOYMENT_TARGET = 18.2;
				LOCALIZATION_PREFERS_STRING_CATALOGS = YES;
				MTL_ENABLE_DEBUG_INFO = INCLUDE_SOURCE;
				MTL_FAST_MATH = YES;
				ONLY_ACTIVE_ARCH = YES;
				SDKROOT = iphoneos;
				SWIFT_ACTIVE_COMPILATION_CONDITIONS = "DEBUG $(inherited)";
				SWIFT_OPTIMIZATION_LEVEL = "-Onone";
			};
			name = Debug;
		};
		4D6A0F382DBC0B160028BA00 /* Release */ = {
			isa = XCBuildConfiguration;
			buildSettings = {
				ALWAYS_SEARCH_USER_PATHS = NO;
				ASSETCATALOG_COMPILER_GENERATE_SWIFT_ASSET_SYMBOL_EXTENSIONS = YES;
				CLANG_ANALYZER_NONNULL = YES;
				CLANG_ANALYZER_NUMBER_OBJECT_CONVERSION = YES_AGGRESSIVE;
				CLANG_CXX_LANGUAGE_STANDARD = "gnu++20";
				CLANG_ENABLE_MODULES = YES;
				CLANG_ENABLE_OBJC_ARC = YES;
				CLANG_ENABLE_OBJC_WEAK = YES;
				CLANG_WARN_BLOCK_CAPTURE_AUTORELEASING = YES;
				CLANG_WARN_BOOL_CONVERSION = YES;
				CLANG_WARN_COMMA = YES;
				CLANG_WARN_CONSTANT_CONVERSION = YES;
				CLANG_WARN_DEPRECATED_OBJC_IMPLEMENTATIONS = YES;
				CLANG_WARN_DIRECT_OBJC_ISA_USAGE = YES_ERROR;
				CLANG_WARN_DOCUMENTATION_COMMENTS = YES;
				CLANG_WARN_EMPTY_BODY = YES;
				CLANG_WARN_ENUM_CONVERSION = YES;
				CLANG_WARN_INFINITE_RECURSION = YES;
				CLANG_WARN_INT_CONVERSION = YES;
				CLANG_WARN_NON_LITERAL_NULL_CONVERSION = YES;
				CLANG_WARN_OBJC_IMPLICIT_RETAIN_SELF = YES;
				CLANG_WARN_OBJC_LITERAL_CONVERSION = YES;
				CLANG_WARN_OBJC_ROOT_CLASS = YES_ERROR;
				CLANG_WARN_QUOTED_INCLUDE_IN_FRAMEWORK_HEADER = YES;
				CLANG_WARN_RANGE_LOOP_ANALYSIS = YES;
				CLANG_WARN_STRICT_PROTOTYPES = YES;
				CLANG_WARN_SUSPICIOUS_MOVE = YES;
				CLANG_WARN_UNGUARDED_AVAILABILITY = YES_AGGRESSIVE;
				CLANG_WARN_UNREACHABLE_CODE = YES;
				CLANG_WARN__DUPLICATE_METHOD_MATCH = YES;
				COPY_PHASE_STRIP = NO;
				DEBUG_INFORMATION_FORMAT = "dwarf-with-dsym";
				ENABLE_NS_ASSERTIONS = NO;
				ENABLE_STRICT_OBJC_MSGSEND = YES;
				ENABLE_USER_SCRIPT_SANDBOXING = YES;
				GCC_C_LANGUAGE_STANDARD = gnu17;
				GCC_NO_COMMON_BLOCKS = YES;
				GCC_WARN_64_TO_32_BIT_CONVERSION = YES;
				GCC_WARN_ABOUT_RETURN_TYPE = YES_ERROR;
				GCC_WARN_UNDECLARED_SELECTOR = YES;
				GCC_WARN_UNINITIALIZED_AUTOS = YES_AGGRESSIVE;
				GCC_WARN_UNUSED_FUNCTION = YES;
				GCC_WARN_UNUSED_VARIABLE = YES;
				IPHONEOS_DEPLOYMENT_TARGET = 18.2;
				LOCALIZATION_PREFERS_STRING_CATALOGS = YES;
				MTL_ENABLE_DEBUG_INFO = NO;
				MTL_FAST_MATH = YES;
				SDKROOT = iphoneos;
				SWIFT_COMPILATION_MODE = wholemodule;
				VALIDATE_PRODUCT = YES;
			};
			name = Release;
		};
		4D6A0F3A2DBC0B160028BA00 /* Debug */ = {
			isa = XCBuildConfiguration;
			buildSettings = {
				ASSETCATALOG_COMPILER_APPICON_NAME = AppIcon;
				ASSETCATALOG_COMPILER_GLOBAL_ACCENT_COLOR_NAME = AccentColor;
				CODE_SIGN_STYLE = Automatic;
				CURRENT_PROJECT_VERSION = 1;
				DEVELOPMENT_ASSET_PATHS = "\"snackapp/Preview Content\"";
				DEVELOPMENT_TEAM = SF5MFV26TD;
				ENABLE_PREVIEWS = YES;
				GENERATE_INFOPLIST_FILE = YES;
				INFOPLIST_KEY_UIApplicationSceneManifest_Generation = YES;
				INFOPLIST_KEY_UIApplicationSupportsIndirectInputEvents = YES;
				INFOPLIST_KEY_UILaunchScreen_Generation = YES;
				INFOPLIST_KEY_UISupportedInterfaceOrientations_iPad = "UIInterfaceOrientationPortrait UIInterfaceOrientationPortraitUpsideDown UIInterfaceOrientationLandscapeLeft UIInterfaceOrientationLandscapeRight";
				INFOPLIST_KEY_UISupportedInterfaceOrientations_iPhone = "UIInterfaceOrientationPortrait UIInterfaceOrientationLandscapeLeft UIInterfaceOrientationLandscapeRight";
				LD_RUNPATH_SEARCH_PATHS = (
					"$(inherited)",
					"@executable_path/Frameworks",
				);
				MARKETING_VERSION = 1.0;
				PRODUCT_BUNDLE_IDENTIFIER = thakurShourya.snackapp;
				PRODUCT_NAME = "$(TARGET_NAME)";
				SWIFT_EMIT_LOC_STRINGS = YES;
				SWIFT_VERSION = 5.0;
				TARGETED_DEVICE_FAMILY = "1,2";
			};
			name = Debug;
		};
		4D6A0F3B2DBC0B160028BA00 /* Release */ = {
			isa = XCBuildConfiguration;
			buildSettings = {
				ASSETCATALOG_COMPILER_APPICON_NAME = AppIcon;
				ASSETCATALOG_COMPILER_GLOBAL_ACCENT_COLOR_NAME = AccentColor;
				CODE_SIGN_STYLE = Automatic;
				CURRENT_PROJECT_VERSION = 1;
				DEVELOPMENT_ASSET_PATHS = "\"snackapp/Preview Content\"";
				DEVELOPMENT_TEAM = SF5MFV26TD;
				ENABLE_PREVIEWS = YES;
				GENERATE_INFOPLIST_FILE = YES;
				INFOPLIST_KEY_UIApplicationSceneManifest_Generation = YES;
				INFOPLIST_KEY_UIApplicationSupportsIndirectInputEvents = YES;
				INFOPLIST_KEY_UILaunchScreen_Generation = YES;
				INFOPLIST_KEY_UISupportedInterfaceOrientations_iPad = "UIInterfaceOrientationPortrait UIInterfaceOrientationPortraitUpsideDown UIInterfaceOrientationLandscapeLeft UIInterfaceOrientationLandscapeRight";
				INFOPLIST_KEY_UISupportedInterfaceOrientations_iPhone = "UIInterfaceOrientationPortrait UIInterfaceOrientationLandscapeLeft UIInterfaceOrientationLandscapeRight";
				LD_RUNPATH_SEARCH_PATHS = (
					"$(inherited)",
					"@executable_path/Frameworks",
				);
				MARKETING_VERSION = 1.0;
				PRODUCT_BUNDLE_IDENTIFIER = thakurShourya.snackapp;
				PRODUCT_NAME = "$(TARGET_NAME)";
				SWIFT_EMIT_LOC_STRINGS = YES;
				SWIFT_VERSION = 5.0;
				TARGETED_DEVICE_FAMILY = "1,2";
			};
			name = Release;
		};
		4D6A0F3D2DBC0B160028BA00 /* Debug */ = {
			isa = XCBuildConfiguration;
			buildSettings = {
				BUNDLE_LOADER = "$(TEST_HOST)";
				CODE_SIGN_STYLE = Automatic;
				CURRENT_PROJECT_VERSION = 1;
				DEVELOPMENT_TEAM = SF5MFV26TD;
				GENERATE_INFOPLIST_FILE = YES;
				IPHONEOS_DEPLOYMENT_TARGET = 18.2;
				MARKETING_VERSION = 1.0;
				PRODUCT_BUNDLE_IDENTIFIER = thakurShourya.snackappTests;
				PRODUCT_NAME = "$(TARGET_NAME)";
				SWIFT_EMIT_LOC_STRINGS = NO;
				SWIFT_VERSION = 5.0;
				TARGETED_DEVICE_FAMILY = "1,2";
				TEST_HOST = "$(BUILT_PRODUCTS_DIR)/snackapp.app/$(BUNDLE_EXECUTABLE_FOLDER_PATH)/snackapp";
			};
			name = Debug;
		};
		4D6A0F3E2DBC0B160028BA00 /* Release */ = {
			isa = XCBuildConfiguration;
			buildSettings = {
				BUNDLE_LOADER = "$(TEST_HOST)";
				CODE_SIGN_STYLE = Automatic;
				CURRENT_PROJECT_VERSION = 1;
				DEVELOPMENT_TEAM = SF5MFV26TD;
				GENERATE_INFOPLIST_FILE = YES;
				IPHONEOS_DEPLOYMENT_TARGET = 18.2;
				MARKETING_VERSION = 1.0;
				PRODUCT_BUNDLE_IDENTIFIER = thakurShourya.snackappTests;
				PRODUCT_NAME = "$(TARGET_NAME)";
				SWIFT_EMIT_LOC_STRINGS = NO;
				SWIFT_VERSION = 5.0;
				TARGETED_DEVICE_FAMILY = "1,2";
				TEST_HOST = "$(BUILT_PRODUCTS_DIR)/snackapp.app/$(BUNDLE_EXECUTABLE_FOLDER_PATH)/snackapp";
			};
			name = Release;
		};
		4D6A0F402DBC0B160028BA00 /* Debug */ = {
			isa = XCBuildConfiguration;
			buildSettings = {
				CODE_SIGN_STYLE = Automatic;
				CURRENT_PROJECT_VERSION = 1;
				DEVELOPMENT_TEAM = SF5MFV26TD;
				GENERATE_INFOPLIST_FILE = YES;
				MARKETING_VERSION = 1.0;
				PRODUCT_BUNDLE_IDENTIFIER = thakurShourya.snackappUITests;
				PRODUCT_NAME = "$(TARGET_NAME)";
				SWIFT_EMIT_LOC_STRINGS = NO;
				SWIFT_VERSION = 5.0;
				TARGETED_DEVICE_FAMILY = "1,2";
				TEST_TARGET_NAME = snackapp;
			};
			name = Debug;
		};
		4D6A0F412DBC0B160028BA00 /* Release */ = {
			isa = XCBuildConfiguration;
			buildSettings = {
				CODE_SIGN_STYLE = Automatic;
				CURRENT_PROJECT_VERSION = 1;
				DEVELOPMENT_TEAM = SF5MFV26TD;
				GENERATE_INFOPLIST_FILE = YES;
				MARKETING_VERSION = 1.0;
				PRODUCT_BUNDLE_IDENTIFIER = thakurShourya.snackappUITests;
				PRODUCT_NAME = "$(TARGET_NAME)";
				SWIFT_EMIT_LOC_STRINGS = NO;
				SWIFT_VERSION = 5.0;
				TARGETED_DEVICE_FAMILY = "1,2";
				TEST_TARGET_NAME = snackapp;
			};
			name = Release;
		};
/* End XCBuildConfiguration section */

/* Begin XCConfigurationList section */
		4D6A0F102DBC0B140028BA00 /* Build configuration list for PBXProject "snackapp" */ = {
			isa = XCConfigurationList;
			buildConfigurations = (
				4D6A0F372DBC0B160028BA00 /* Debug */,
				4D6A0F382DBC0B160028BA00 /* Release */,
			);
			defaultConfigurationIsVisible = 0;
			defaultConfigurationName = Release;
		};
		4D6A0F392DBC0B160028BA00 /* Build configuration list for PBXNativeTarget "snackapp" */ = {
			isa = XCConfigurationList;
			buildConfigurations = (
				4D6A0F3A2DBC0B160028BA00 /* Debug */,
				4D6A0F3B2DBC0B160028BA00 /* Release */,
			);
			defaultConfigurationIsVisible = 0;
			defaultConfigurationName = Release;
		};
		4D6A0F3C2DBC0B160028BA00 /* Build configuration list for PBXNativeTarget "snackappTests" */ = {
			isa = XCConfigurationList;
			buildConfigurations = (
				4D6A0F3D2DBC0B160028BA00 /* Debug */,
				4D6A0F3E2DBC0B160028BA00 /* Release */,
			);
			defaultConfigurationIsVisible = 0;
			defaultConfigurationName = Release;
		};
		4D6A0F3F2DBC0B160028BA00 /* Build configuration list for PBXNativeTarget "snackappUITests" */ = {
			isa = XCConfigurationList;
			buildConfigurations = (
				4D6A0F402DBC0B160028BA00 /* Debug */,
				4D6A0F412DBC0B160028BA00 /* Release */,
			);
			defaultConfigurationIsVisible = 0;
			defaultConfigurationName = Release;
		};
/* End XCConfigurationList section */
	};
	rootObject = 4D6A0F0D2DBC0B140028BA00 /* Project object */;
}
